
Microsoft Visual Studio Solution File, Format Version 12.00
# Visual Studio Version 17
VisualStudioVersion = 17.0.31903.59
MinimumVisualStudioVersion = 10.0.40219.1
Project("{FAE04EC0-301F-11D3-BF4B-00C04F79EFBC}") = "Icon.Api", "Icon.Api.csproj", "{82D7CA69-B1E1-4D3D-B179-486BDA897875}"
EndProject
Global
	GlobalSection(SolutionConfigurationPlatforms) = preSolution
		Debug|Any CPU = Debug|Any CPU
		Release|Any CPU = Release|Any CPU
	EndGlobalSection
	GlobalSection(ProjectConfigurationPlatforms) = postSolution
		{82D7CA69-B1E1-4D3D-B179-486BDA897875}.Debug|Any CPU.ActiveCfg = Debug|Any CPU
		{82D7CA69-B1E1-4D3D-B179-486BDA897875}.Debug|Any CPU.Build.0 = Debug|Any CPU
		{82D7CA69-B1E1-4D3D-B179-486BDA897875}.Release|Any CPU.ActiveCfg = Release|Any CPU
		{82D7CA69-B1E1-4D3D-B179-486BDA897875}.Release|Any CPU.Build.0 = Release|Any CPU
	EndGlobalSection
	GlobalSection(SolutionProperties) = preSolution
		HideSolutionNode = FALSE
	EndGlobalSection
	GlobalSection(ExtensibilityGlobals) = postSolution
		SolutionGuid = {2E257984-5352-4396-8DDA-FE6D947804C1}
	EndGlobalSection
EndGlobal
